<?xml version="1.0" encoding="utf-8"?>
<Project ToolsVersion="4.0" xmlns="http://schemas.microsoft.com/developer/msbuild/2003">
  <ItemGroup>
    <ClCompile Include="core\win32Main.cpp" />
    <ClCompile Include="core\declaration.h" />
    <ClCompile Include="window\screen.cpp" />
    <ClCompile Include="window\timeStep.h" />
    <ClCompile Include="window\timeStep.cpp" />
    <ClCompile Include="utils\sglMath.cpp" />
    <ClCompile Include="main.cpp" />
  </ItemGroup>
  <ItemGroup>
    <ClInclude Include="window\screen.h" />
    <ClInclude Include="sgl.h" />
    <ClInclude Include="renderer\clearScreen.h" />
    <ClInclude Include="utils\sglMath.h" />
    <ClInclude Include="core\sglObj.h" />
  </ItemGroup>
</Project>